
Microsoft Visual Studio Solution File, Format Version 12.00
# Visual Studio 15
VisualStudioVersion = 15.0.28307.329
MinimumVisualStudioVersion = 10.0.40219.1
Project("{FAE04EC0-301F-11D3-BF4B-00C04F79EFBC}") = "Abp.CSRedisCache", "Abp.CSRedisCache\Abp.CSRedisCache.csproj", "{D0F76555-95E0-435B-A437-D4B91CBD208E}"
EndProject
Global
	GlobalSection(SolutionConfigurationPlatforms) = preSolution
		Debug|Any CPU = Debug|Any CPU
		Release|Any CPU = Release|Any CPU
	EndGlobalSection
	GlobalSection(ProjectConfigurationPlatforms) = postSolution
		{D0F76555-95E0-435B-A437-D4B91CBD208E}.Debug|Any CPU.ActiveCfg = Debug|Any CPU
		{D0F76555-95E0-435B-A437-D4B91CBD208E}.Debug|Any CPU.Build.0 = Debug|Any CPU
		{D0F76555-95E0-435B-A437-D4B91CBD208E}.Release|Any CPU.ActiveCfg = Release|Any CPU
		{D0F76555-95E0-435B-A437-D4B91CBD208E}.Release|Any CPU.Build.0 = Release|Any CPU
	EndGlobalSection
	GlobalSection(SolutionProperties) = preSolution
		HideSolutionNode = FALSE
	EndGlobalSection
	GlobalSection(ExtensibilityGlobals) = postSolution
		SolutionGuid = {097C16D4-9947-4A1C-A61C-9A9C2B7908EE}
	EndGlobalSection
EndGlobal
